
Microsoft Visual Studio Solution File, Format Version 12.00
# Visual Studio Version 16
VisualStudioVersion = 16.0.29613.14
MinimumVisualStudioVersion = 10.0.40219.1
Project("{9A19103F-16F7-4668-BE54-9A1E7A4F7556}") = "ZeusAlipay", "ZeusAlipay\ZeusAlipay.csproj", "{510960E6-79EB-4975-A4E0-90C1DBCDFF11}"
EndProject
Project("{2150E333-8FDC-42A3-9474-1A3956D46DE8}") = "Tests", "Tests", "{E401CD87-2BD4-472A-ABDB-272D33956189}"
EndProject
Project("{9A19103F-16F7-4668-BE54-9A1E7A4F7556}") = "ZeusAlipay.Tests", "Tests\ZeusAlipay.Tests\ZeusAlipay.Tests.csproj", "{08AEBF20-C4E5-46B0-90C9-C6AEB2FB15D7}"
EndProject
Project("{2150E333-8FDC-42A3-9474-1A3956D46DE8}") = "Demos", "Demos", "{724CD1AE-DE26-4C0A-B163-8F227EA758B9}"
EndProject
Project("{9A19103F-16F7-4668-BE54-9A1E7A4F7556}") = "ZeusAlipayMvcApp", "Demos\ZeusAlipayMvcApp\ZeusAlipayMvcApp.csproj", "{6D6EEF17-AB5E-4713-BC26-81C4D79F765D}"
EndProject
Project("{9A19103F-16F7-4668-BE54-9A1E7A4F7556}") = "ZeusPaypal", "ZeusPaypal\ZeusPaypal.csproj", "{4068D5DB-A113-493A-8908-2CD9CCF4C69F}"
EndProject
Project("{FAE04EC0-301F-11D3-BF4B-00C04F79EFBC}") = "ZeusPaypal.Tests", "Tests\ZeusPaypal.Tests\ZeusPaypal.Tests.csproj", "{EE4B99A8-D5B6-4927-A644-97389F0DDB69}"
EndProject
Global
	GlobalSection(SolutionConfigurationPlatforms) = preSolution
		Debug|Any CPU = Debug|Any CPU
		Release|Any CPU = Release|Any CPU
	EndGlobalSection
	GlobalSection(ProjectConfigurationPlatforms) = postSolution
		{510960E6-79EB-4975-A4E0-90C1DBCDFF11}.Debug|Any CPU.ActiveCfg = Debug|Any CPU
		{510960E6-79EB-4975-A4E0-90C1DBCDFF11}.Debug|Any CPU.Build.0 = Debug|Any CPU
		{510960E6-79EB-4975-A4E0-90C1DBCDFF11}.Release|Any CPU.ActiveCfg = Release|Any CPU
		{510960E6-79EB-4975-A4E0-90C1DBCDFF11}.Release|Any CPU.Build.0 = Release|Any CPU
		{08AEBF20-C4E5-46B0-90C9-C6AEB2FB15D7}.Debug|Any CPU.ActiveCfg = Debug|Any CPU
		{08AEBF20-C4E5-46B0-90C9-C6AEB2FB15D7}.Debug|Any CPU.Build.0 = Debug|Any CPU
		{08AEBF20-C4E5-46B0-90C9-C6AEB2FB15D7}.Release|Any CPU.ActiveCfg = Release|Any CPU
		{08AEBF20-C4E5-46B0-90C9-C6AEB2FB15D7}.Release|Any CPU.Build.0 = Release|Any CPU
		{6D6EEF17-AB5E-4713-BC26-81C4D79F765D}.Debug|Any CPU.ActiveCfg = Debug|Any CPU
		{6D6EEF17-AB5E-4713-BC26-81C4D79F765D}.Debug|Any CPU.Build.0 = Debug|Any CPU
		{6D6EEF17-AB5E-4713-BC26-81C4D79F765D}.Release|Any CPU.ActiveCfg = Release|Any CPU
		{6D6EEF17-AB5E-4713-BC26-81C4D79F765D}.Release|Any CPU.Build.0 = Release|Any CPU
		{4068D5DB-A113-493A-8908-2CD9CCF4C69F}.Debug|Any CPU.ActiveCfg = Debug|Any CPU
		{4068D5DB-A113-493A-8908-2CD9CCF4C69F}.Debug|Any CPU.Build.0 = Debug|Any CPU
		{4068D5DB-A113-493A-8908-2CD9CCF4C69F}.Release|Any CPU.ActiveCfg = Release|Any CPU
		{4068D5DB-A113-493A-8908-2CD9CCF4C69F}.Release|Any CPU.Build.0 = Release|Any CPU
		{EE4B99A8-D5B6-4927-A644-97389F0DDB69}.Debug|Any CPU.ActiveCfg = Debug|Any CPU
		{EE4B99A8-D5B6-4927-A644-97389F0DDB69}.Debug|Any CPU.Build.0 = Debug|Any CPU
		{EE4B99A8-D5B6-4927-A644-97389F0DDB69}.Release|Any CPU.ActiveCfg = Release|Any CPU
		{EE4B99A8-D5B6-4927-A644-97389F0DDB69}.Release|Any CPU.Build.0 = Release|Any CPU
	EndGlobalSection
	GlobalSection(SolutionProperties) = preSolution
		HideSolutionNode = FALSE
	EndGlobalSection
	GlobalSection(NestedProjects) = preSolution
		{08AEBF20-C4E5-46B0-90C9-C6AEB2FB15D7} = {E401CD87-2BD4-472A-ABDB-272D33956189}
		{6D6EEF17-AB5E-4713-BC26-81C4D79F765D} = {724CD1AE-DE26-4C0A-B163-8F227EA758B9}
		{EE4B99A8-D5B6-4927-A644-97389F0DDB69} = {E401CD87-2BD4-472A-ABDB-272D33956189}
	EndGlobalSection
	GlobalSection(ExtensibilityGlobals) = postSolution
		SolutionGuid = {FA6F5490-31CE-49A1-8D59-36C1ADB4104A}
	EndGlobalSection
EndGlobal
